
Microsoft Visual Studio Solution File, Format Version 12.00
# Visual Studio Version 17
VisualStudioVersion = 17.4.33213.308
MinimumVisualStudioVersion = 10.0.40219.1
Project("{FAE04EC0-301F-11D3-BF4B-00C04F79EFBC}") = "ConsoleDataStorage", "ConsoleDataStorage\ConsoleDataStorage.csproj", "{EB55CEF9-7BF1-4B05-88CD-9AB5C945B168}"
EndProject
Global
	GlobalSection(SolutionConfigurationPlatforms) = preSolution
		Debug|Any CPU = Debug|Any CPU
		Release|Any CPU = Release|Any CPU
	EndGlobalSection
	GlobalSection(ProjectConfigurationPlatforms) = postSolution
		{EB55CEF9-7BF1-4B05-88CD-9AB5C945B168}.Debug|Any CPU.ActiveCfg = Debug|Any CPU
		{EB55CEF9-7BF1-4B05-88CD-9AB5C945B168}.Debug|Any CPU.Build.0 = Debug|Any CPU
		{EB55CEF9-7BF1-4B05-88CD-9AB5C945B168}.Release|Any CPU.ActiveCfg = Release|Any CPU
		{EB55CEF9-7BF1-4B05-88CD-9AB5C945B168}.Release|Any CPU.Build.0 = Release|Any CPU
	EndGlobalSection
	GlobalSection(SolutionProperties) = preSolution
		HideSolutionNode = FALSE
	EndGlobalSection
	GlobalSection(ExtensibilityGlobals) = postSolution
		SolutionGuid = {CEE93214-467B-42EE-87A1-29EBC3197E10}
	EndGlobalSection
EndGlobal
